
Microsoft Visual Studio Solution File, Format Version 11.00
# Visual Studio 2010
Project("{FAE04EC0-301F-11D3-BF4B-00C04F79EFBC}") = "valor_de_compra", "valor_de_compra\valor_de_compra.csproj", "{23123E7D-8519-450B-99D4-3C99B768555C}"
EndProject
Global
	GlobalSection(SolutionConfigurationPlatforms) = preSolution
		Debug|x86 = Debug|x86
		Release|x86 = Release|x86
	EndGlobalSection
	GlobalSection(ProjectConfigurationPlatforms) = postSolution
		{23123E7D-8519-450B-99D4-3C99B768555C}.Debug|x86.ActiveCfg = Debug|x86
		{23123E7D-8519-450B-99D4-3C99B768555C}.Debug|x86.Build.0 = Debug|x86
		{23123E7D-8519-450B-99D4-3C99B768555C}.Release|x86.ActiveCfg = Release|x86
		{23123E7D-8519-450B-99D4-3C99B768555C}.Release|x86.Build.0 = Release|x86
	EndGlobalSection
	GlobalSection(SolutionProperties) = preSolution
		HideSolutionNode = FALSE
	EndGlobalSection
EndGlobal
