
Microsoft Visual Studio Solution File, Format Version 11.00
# Visual Studio 2010
Project("{FAE04EC0-301F-11D3-BF4B-00C04F79EFBC}") = "Calculadora", "Calculadora\Calculadora.csproj", "{C3C03A45-5822-48F8-B65D-9C99983C2995}"
EndProject
Global
	GlobalSection(SolutionConfigurationPlatforms) = preSolution
		Debug|x86 = Debug|x86
		Release|x86 = Release|x86
	EndGlobalSection
	GlobalSection(ProjectConfigurationPlatforms) = postSolution
		{C3C03A45-5822-48F8-B65D-9C99983C2995}.Debug|x86.ActiveCfg = Debug|x86
		{C3C03A45-5822-48F8-B65D-9C99983C2995}.Debug|x86.Build.0 = Debug|x86
		{C3C03A45-5822-48F8-B65D-9C99983C2995}.Release|x86.ActiveCfg = Release|x86
		{C3C03A45-5822-48F8-B65D-9C99983C2995}.Release|x86.Build.0 = Release|x86
	EndGlobalSection
	GlobalSection(SolutionProperties) = preSolution
		HideSolutionNode = FALSE
	EndGlobalSection
EndGlobal
